
Microsoft Visual Studio Solution File, Format Version 12.00
# Visual Studio Version 16
VisualStudioVersion = 16.0.31205.134
MinimumVisualStudioVersion = 10.0.40219.1
Project("{FAE04EC0-301F-11D3-BF4B-00C04F79EFBC}") = "FormJsonSchema", "FormJsonSchema.csproj", "{279E016F-9B7C-4863-9944-26DAAB89F148}"
EndProject
Global
	GlobalSection(SolutionConfigurationPlatforms) = preSolution
		Debug|Any CPU = Debug|Any CPU
		Release|Any CPU = Release|Any CPU
	EndGlobalSection
	GlobalSection(ProjectConfigurationPlatforms) = postSolution
		{279E016F-9B7C-4863-9944-26DAAB89F148}.Debug|Any CPU.ActiveCfg = Debug|Any CPU
		{279E016F-9B7C-4863-9944-26DAAB89F148}.Debug|Any CPU.Build.0 = Debug|Any CPU
		{279E016F-9B7C-4863-9944-26DAAB89F148}.Release|Any CPU.ActiveCfg = Release|Any CPU
		{279E016F-9B7C-4863-9944-26DAAB89F148}.Release|Any CPU.Build.0 = Release|Any CPU
	EndGlobalSection
	GlobalSection(SolutionProperties) = preSolution
		HideSolutionNode = FALSE
	EndGlobalSection
	GlobalSection(ExtensibilityGlobals) = postSolution
		SolutionGuid = {FA971B93-4555-4F80-B63D-F2B9CD299685}
	EndGlobalSection
EndGlobal
